
Microsoft Visual Studio Solution File, Format Version 12.00
# Visual Studio Version 16
VisualStudioVersion = 16.0.30524.135
MinimumVisualStudioVersion = 10.0.40219.1
Project("{FAE04EC0-301F-11D3-BF4B-00C04F79EFBC}") = "Dept2", "Dept2\Dept2.csproj", "{C98ADB2F-8784-4DC2-9AC3-03F51460E9A8}"
EndProject
Global
	GlobalSection(SolutionConfigurationPlatforms) = preSolution
		Debug|Any CPU = Debug|Any CPU
		Release|Any CPU = Release|Any CPU
	EndGlobalSection
	GlobalSection(ProjectConfigurationPlatforms) = postSolution
		{C98ADB2F-8784-4DC2-9AC3-03F51460E9A8}.Debug|Any CPU.ActiveCfg = Debug|Any CPU
		{C98ADB2F-8784-4DC2-9AC3-03F51460E9A8}.Debug|Any CPU.Build.0 = Debug|Any CPU
		{C98ADB2F-8784-4DC2-9AC3-03F51460E9A8}.Release|Any CPU.ActiveCfg = Release|Any CPU
		{C98ADB2F-8784-4DC2-9AC3-03F51460E9A8}.Release|Any CPU.Build.0 = Release|Any CPU
	EndGlobalSection
	GlobalSection(SolutionProperties) = preSolution
		HideSolutionNode = FALSE
	EndGlobalSection
	GlobalSection(ExtensibilityGlobals) = postSolution
		SolutionGuid = {0E457DCF-BFFF-42A7-A46F-36D552B0D314}
	EndGlobalSection
EndGlobal
